// !$*UTF8*$!
{
	archiveVersion = 1;
	classes = {
	};
	objectVersion = 77;
	objects = {

/* Begin PBXContainerItemProxy section */
		07B69EE52FBD576800FDF10D /* PBXContainerItemProxy */ = {
			isa = PBXContainerItemProxy;
			containerPortal = 07B69EC62FBD576600FDF10D /* Project object */;
			proxyType = 1;
			remoteGlobalIDString = 07B69ECD2FBD576600FDF10D;
			remoteInfo = "School Clb";
		};
		07B69EEF2FBD576800FDF10D /* PBXContainerItemProxy */ = {
			isa = PBXContainerItemProxy;
			containerPortal = 07B69EC62FBD576600FDF10D /* Project object */;
			proxyType = 1;
			remoteGlobalIDString = 07B69ECD2FBD576600FDF10D;
			remoteInfo = "School Clb";
		};
/* End PBXContainerItemProxy section */

/* Begin PBXFileReference section */
		07B69ECE2FBD576600FDF10D /* School Clb.app */ = {isa = PBXFileReference; explicitFileType = wrapper.application; includeInIndex = 0; path = "School Clb.app"; sourceTree = BUILT_PRODUCTS_DIR; };
		07B69EE42FBD576800FDF10D /* School ClbTests.xctest */ = {isa = PBXFileReference; explicitFileType = wrapper.cfbundle; includeInIndex = 0; path = "School ClbTests.xctest"; sourceTree = BUILT_PRODUCTS_DIR; };
		07B69EEE2FBD576800FDF10D /* School ClbUITests.xctest */ = {isa = PBXFileReference; explicitFileType = wrapper.cfbundle; includeInIndex = 0; path = "School ClbUITests.xctest"; sourceTree = BUILT_PRODUCTS_DIR; };
/* End PBXFileReference section */

/* Begin PBXFileSystemSynchronizedBuildFileExceptionSet section */
		07B69EF62FBD576800FDF10D /* Exceptions for "School Clb" folder in "School Clb" target */ = {
			isa = PBXFileSystemSynchronizedBuildFileExceptionSet;
			membershipExceptions = (
				Info.plist,
			);
			target = 07B69ECD2FBD576600FDF10D /* School Clb */;
		};
/* End PBXFileSystemSynchronizedBuildFileExceptionSet section */

/* Begin PBXFileSystemSynchronizedRootGroup section */
		07B69ED02FBD576600FDF10D /* School Clb */ = {
			isa = PBXFileSystemSynchronizedRootGroup;
			exceptions = (
				07B69EF62FBD576800FDF10D /* Exceptions for "School Clb" folder in "School Clb" target */,
			);
			path = "School Clb";
			sourceTree = "<group>";
		};
		07B69EE72FBD576800FDF10D /* School ClbTests */ = {
			isa = PBXFileSystemSynchronizedRootGroup;
			path = "School ClbTests";
			sourceTree = "<group>";
		};
		07B69EF12FBD576800FDF10D /* School ClbUITests */ = {
			isa = PBXFileSystemSynchronizedRootGroup;
			path = "School ClbUITests";
			sourceTree = "<group>";
		};
/* End PBXFileSystemSynchronizedRootGroup section */

/* Begin PBXFrameworksBuildPhase section */
		07B69ECB2FBD576600FDF10D /* Frameworks */ = {
			isa = PBXFrameworksBuildPhase;
			buildActionMask = 2147483647;
			files = (
			);
			runOnlyForDeploymentPostprocessing = 0;
		};
		07B69EE12FBD576800FDF10D /* Frameworks */ = {
			isa = PBXFrameworksBuildPhase;
			buildActionMask = 2147483647;
			files = (
			);
			runOnlyForDeploymentPostprocessing = 0;
		};
		07B69EEB2FBD576800FDF10D /* Frameworks */ = {
			isa = PBXFrameworksBuildPhase;
			buildActionMask = 2147483647;
			files = (
			);
			runOnlyForDeploymentPostprocessing = 0;
		};
/* End PBXFrameworksBuildPhase section */

/* Begin PBXGroup section */
		07B69EC52FBD576600FDF10D = {
			isa = PBXGroup;
			children = (
				07B69ED02FBD576600FDF10D /* School Clb */,
				07B69EE72FBD576800FDF10D /* School ClbTests */,
				07B69EF12FBD576800FDF10D /* School ClbUITests */,
				07B69ECF2FBD576600FDF10D /* Products */,
			);
			sourceTree = "<group>";
		};
		07B69ECF2FBD576600FDF10D /* Products */ = {
			isa = PBXGroup;
			children = (
				07B69ECE2FBD576600FDF10D /* School Clb.app */,
				07B69EE42FBD576800FDF10D /* School ClbTests.xctest */,
				07B69EEE2FBD576800FDF10D /* School ClbUITests.xctest */,
			);
			name = Products;
			sourceTree = "<group>";
		};
/* End PBXGroup section */

/* Begin PBXNativeTarget section */
		07B69ECD2FBD576600FDF10D /* School Clb */ = {
			isa = PBXNativeTarget;
			buildConfigurationList = 07B69EF72FBD576800FDF10D /* Build configuration list for PBXNativeTarget "School Clb" */;
			buildPhases = (
				07B69ECA2FBD576600FDF10D /* Sources */,
				07B69ECB2FBD576600FDF10D /* Frameworks */,
				07B69ECC2FBD576600FDF10D /* Resources */,
			);
			buildRules = (
			);
			dependencies = (
			);
			fileSystemSynchronizedGroups = (
				07B69ED02FBD576600FDF10D /* School Clb */,
			);
			name = "School Clb";
			packageProductDependencies = (
			);
			productName = "School Clb";
			productReference = 07B69ECE2FBD576600FDF10D /* School Clb.app */;
			productType = "com.apple.product-type.application";
		};
		07B69EE32FBD576800FDF10D /* School ClbTests */ = {
			isa = PBXNativeTarget;
			buildConfigurationList = 07B69EFC2FBD576800FDF10D /* Build configuration list for PBXNativeTarget "School ClbTests" */;
			buildPhases = (
				07B69EE02FBD576800FDF10D /* Sources */,
				07B69EE12FBD576800FDF10D /* Frameworks */,
				07B69EE22FBD576800FDF10D /* Resources */,
			);
			buildRules = (
			);
			dependencies = (
				07B69EE62FBD576800FDF10D /* PBXTargetDependency */,
			);
			fileSystemSynchronizedGroups = (
				07B69EE72FBD576800FDF10D /* School ClbTests */,
			);
			name = "School ClbTests";
			packageProductDependencies = (
			);
			productName = "School ClbTests";
			productReference = 07B69EE42FBD576800FDF10D /* School ClbTests.xctest */;
			productType = "com.apple.product-type.bundle.unit-test";
		};
		07B69EED2FBD576800FDF10D /* School ClbUITests */ = {
			isa = PBXNativeTarget;
			buildConfigurationList = 07B69EFF2FBD576800FDF10D /* Build configuration list for PBXNativeTarget "School ClbUITests" */;
			buildPhases = (
				07B69EEA2FBD576800FDF10D /* Sources */,
				07B69EEB2FBD576800FDF10D /* Frameworks */,
				07B69EEC2FBD576800FDF10D /* Resources */,
			);
			buildRules = (
			);
			dependencies = (
				07B69EF02FBD576800FDF10D /* PBXTargetDependency */,
			);
			fileSystemSynchronizedGroups = (
				07B69EF12FBD576800FDF10D /* School ClbUITests */,
			);
			name = "School ClbUITests";
			packageProductDependencies = (
			);
			productName = "School ClbUITests";
			productReference = 07B69EEE2FBD576800FDF10D /* School ClbUITests.xctest */;
			productType = "com.apple.product-type.bundle.ui-testing";
		};
/* End PBXNativeTarget section */

/* Begin PBXProject section */
		07B69EC62FBD576600FDF10D /* Project object */ = {
			isa = PBXProject;
			attributes = {
				BuildIndependentTargetsInParallel = 1;
				LastSwiftUpdateCheck = 2640;
				LastUpgradeCheck = 2640;
				TargetAttributes = {
					07B69ECD2FBD576600FDF10D = {
						CreatedOnToolsVersion = 26.4.1;
					};
					07B69EE32FBD576800FDF10D = {
						CreatedOnToolsVersion = 26.4.1;
						TestTargetID = 07B69ECD2FBD576600FDF10D;
					};
					07B69EED2FBD576800FDF10D = {
						CreatedOnToolsVersion = 26.4.1;
						TestTargetID = 07B69ECD2FBD576600FDF10D;
					};
				};
			};
			buildConfigurationList = 07B69EC92FBD576600FDF10D /* Build configuration list for PBXProject "School Clb" */;
			developmentRegion = en;
			hasScannedForEncodings = 0;
			knownRegions = (
				en,
				Base,
			);
			mainGroup = 07B69EC52FBD576600FDF10D;
			minimizedProjectReferenceProxies = 1;
			preferredProjectObjectVersion = 77;
			productRefGroup = 07B69ECF2FBD576600FDF10D /* Products */;
			projectDirPath = "";
			projectRoot = "";
			targets = (
				07B69ECD2FBD576600FDF10D /* School Clb */,
				07B69EE32FBD576800FDF10D /* School ClbTests */,
				07B69EED2FBD576800FDF10D /* School ClbUITests */,
			);
		};
/* End PBXProject section */

/* Begin PBXResourcesBuildPhase section */
		07B69ECC2FBD576600FDF10D /* Resources */ = {
			isa = PBXResourcesBuildPhase;
			buildActionMask = 2147483647;
			files = (
			);
			runOnlyForDeploymentPostprocessing = 0;
		};
		07B69EE22FBD576800FDF10D /* Resources */ = {
			isa = PBXResourcesBuildPhase;
			buildActionMask = 2147483647;
			files = (
			);
			runOnlyForDeploymentPostprocessing = 0;
		};
		07B69EEC2FBD576800FDF10D /* Resources */ = {
			isa = PBXResourcesBuildPhase;
			buildActionMask = 2147483647;
			files = (
			);
			runOnlyForDeploymentPostprocessing = 0;
		};
/* End PBXResourcesBuildPhase section */

/* Begin PBXSourcesBuildPhase section */
		07B69ECA2FBD576600FDF10D /* Sources */ = {
			isa = PBXSourcesBuildPhase;
			buildActionMask = 2147483647;
			files = (
			);
			runOnlyForDeploymentPostprocessing = 0;
		};
		07B69EE02FBD576800FDF10D /* Sources */ = {
			isa = PBXSourcesBuildPhase;
			buildActionMask = 2147483647;
			files = (
			);
			runOnlyForDeploymentPostprocessing = 0;
		};
		07B69EEA2FBD576800FDF10D /* Sources */ = {
			isa = PBXSourcesBuildPhase;
			buildActionMask = 2147483647;
			files = (
			);
			runOnlyForDeploymentPostprocessing = 0;
		};
/* End PBXSourcesBuildPhase section */

/* Begin PBXTargetDependency section */
		07B69EE62FBD576800FDF10D /* PBXTargetDependency */ = {
			isa = PBXTargetDependency;
			target = 07B69ECD2FBD576600FDF10D /* School Clb */;
			targetProxy = 07B69EE52FBD576800FDF10D /* PBXContainerItemProxy */;
		};
		07B69EF02FBD576800FDF10D /* PBXTargetDependency */ = {
			isa = PBXTargetDependency;
			target = 07B69ECD2FBD576600FDF10D /* School Clb */;
			targetProxy = 07B69EEF2FBD576800FDF10D /* PBXContainerItemProxy */;
		};
/* End PBXTargetDependency section */

/* Begin XCBuildConfiguration section */
		07B69EF82FBD576800FDF10D /* Debug */ = {
			isa = XCBuildConfiguration;
			buildSettings = {
				ASSETCATALOG_COMPILER_APPICON_NAME = AppIcon;
				ASSETCATALOG_COMPILER_GLOBAL_ACCENT_COLOR_NAME = AccentColor;
				CODE_SIGN_STYLE = Automatic;
				CURRENT_PROJECT_VERSION = 1;
				DEVELOPMENT_TEAM = 7HRHQX7J58;
				GENERATE_INFOPLIST_FILE = YES;
				INFOPLIST_FILE = "School Clb/Info.plist";
				INFOPLIST_KEY_UIApplicationSupportsIndirectInputEvents = YES;
				INFOPLIST_KEY_UILaunchStoryboardName = LaunchScreen;
				INFOPLIST_KEY_UIMainStoryboardFile = Main;
				INFOPLIST_KEY_UISupportedInterfaceOrientations_iPad = "UIInterfaceOrientationPortrait UIInterfaceOrientationPortraitUpsideDown UIInterfaceOrientationLandscapeLeft UIInterfaceOrientationLandscapeRight";
				INFOPLIST_KEY_UISupportedInterfaceOrientations_iPhone = "UIInterfaceOrientationPortrait UIInterfaceOrientationLandscapeLeft UIInterfaceOrientationLandscapeRight";
				LD_RUNPATH_SEARCH_PATHS = (
					"$(inherited)",
					"@executable_path/Frameworks",
				);
				MARKETING_VERSION = 1.0;
				PRODUCT_BUNDLE_IDENTIFIER = "com.schoolclub.School-Clb";
				PRODUCT_NAME = "$(TARGET_NAME)";
				STRING_CATALOG_GENERATE_SYMBOLS = YES;
				SWIFT_APPROACHABLE_CONCURRENCY = YES;
				SWIFT_DEFAULT_ACTOR_ISOLATION = MainActor;
				SWIFT_EMIT_LOC_STRINGS = YES;
				SWIFT_UPCOMING_FEATURE_MEMBER_IMPORT_VISIBILITY = YES;
				SWIFT_VERSION = 5.0;
				TARGETED_DEVICE_FAMILY = "1,2";
			};
			name = Debug;
		};
		07B69EF92FBD576800FDF10D /* Release */ = {
			isa = XCBuildConfiguration;
			buildSettings = {
				ASSETCATALOG_COMPILER_APPICON_NAME = AppIcon;
				ASSETCATALOG_COMPILER_GLOBAL_ACCENT_COLOR_NAME = AccentColor;
				CODE_SIGN_STYLE = Automatic;
				CURRENT_PROJECT_VERSION = 1;
				DEVELOPMENT_TEAM = 7HRHQX7J58;
				GENERATE_INFOPLIST_FILE = YES;
				INFOPLIST_FILE = "School Clb/Info.plist";
				INFOPLIST_KEY_UIApplicationSupportsIndirectInputEvents = YES;
				INFOPLIST_KEY_UILaunchStoryboardName = LaunchScreen;
				INFOPLIST_KEY_UIMainStoryboardFile = Main;
				INFOPLIST_KEY_UISupportedInterfaceOrientations_iPad = "UIInterfaceOrientationPortrait UIInterfaceOrientationPortraitUpsideDown UIInterfaceOrientationLandscapeLeft UIInterfaceOrientationLandscapeRight";
				INFOPLIST_KEY_UISupportedInterfaceOrientations_iPhone = "UIInterfaceOrientationPortrait UIInterfaceOrientationLandscapeLeft UIInterfaceOrientationLandscapeRight";
				LD_RUNPATH_SEARCH_PATHS = (
					"$(inherited)",
					"@executable_path/Frameworks",
				);
				MARKETING_VERSION = 1.0;
				PRODUCT_BUNDLE_IDENTIFIER = "com.schoolclub.School-Clb";
				PRODUCT_NAME = "$(TARGET_NAME)";
				STRING_CATALOG_GENERATE_SYMBOLS = YES;
				SWIFT_APPROACHABLE_CONCURRENCY = YES;
				SWIFT_DEFAULT_ACTOR_ISOLATION = MainActor;
				SWIFT_EMIT_LOC_STRINGS = YES;
				SWIFT_UPCOMING_FEATURE_MEMBER_IMPORT_VISIBILITY = YES;
				SWIFT_VERSION = 5.0;
				TARGETED_DEVICE_FAMILY = "1,2";
			};
			name = Release;
		};
		07B69EFA2FBD576800FDF10D /* Debug */ = {
			isa = XCBuildConfiguration;
			buildSettings = {
				ALWAYS_SEARCH_USER_PATHS = NO;
				ASSETCATALOG_COMPILER_GENERATE_SWIFT_ASSET_SYMBOL_EXTENSIONS = YES;
				CLANG_ANALYZER_NONNULL = YES;
				CLANG_ANALYZER_NUMBER_OBJECT_CONVERSION = YES_AGGRESSIVE;
				CLANG_CXX_LANGUAGE_STANDARD = "gnu++20";
				CLANG_ENABLE_MODULES = YES;
				CLANG_ENABLE_OBJC_ARC = YES;
				CLANG_ENABLE_OBJC_WEAK = YES;
				CLANG_WARN_BLOCK_CAPTURE_AUTORELEASING = YES;
				CLANG_WARN_BOOL_CONVERSION = YES;
				CLANG_WARN_COMMA = YES;
				CLANG_WARN_CONSTANT_CONVERSION = YES;
				CLANG_WARN_DEPRECATED_OBJC_IMPLEMENTATIONS = YES;
				CLANG_WARN_DIRECT_OBJC_ISA_USAGE = YES_ERROR;
				CLANG_WARN_DOCUMENTATION_COMMENTS = YES;
				CLANG_WARN_EMPTY_BODY = YES;
				CLANG_WARN_ENUM_CONVERSION = YES;
				CLANG_WARN_INFINITE_RECURSION = YES;
				CLANG_WARN_INT_CONVERSION = YES;
				CLANG_WARN_NON_LITERAL_NULL_CONVERSION = YES;
				CLANG_WARN_OBJC_IMPLICIT_RETAIN_SELF = YES;
				CLANG_WARN_OBJC_LITERAL_CONVERSION = YES;
				CLANG_WARN_OBJC_ROOT_CLASS = YES_ERROR;
				CLANG_WARN_QUOTED_INCLUDE_IN_FRAMEWORK_HEADER = YES;
				CLANG_WARN_RANGE_LOOP_ANALYSIS = YES;
				CLANG_WARN_STRICT_PROTOTYPES = YES;
				CLANG_WARN_SUSPICIOUS_MOVE = YES;
				CLANG_WARN_UNGUARDED_AVAILABILITY = YES_AGGRESSIVE;
				CLANG_WARN_UNREACHABLE_CODE = YES;
				CLANG_WARN__DUPLICATE_METHOD_MATCH = YES;
				COPY_PHASE_STRIP = NO;
				DEBUG_INFORMATION_FORMAT = dwarf;
				DEVELOPMENT_TEAM = 7HRHQX7J58;
				ENABLE_STRICT_OBJC_MSGSEND = YES;
				ENABLE_TESTABILITY = YES;
				ENABLE_USER_SCRIPT_SANDBOXING = YES;
				GCC_C_LANGUAGE_STANDARD = gnu17;
				GCC_DYNAMIC_NO_PIC = NO;
				GCC_NO_COMMON_BLOCKS = YES;
				GCC_OPTIMIZATION_LEVEL = 0;
				GCC_PREPROCESSOR_DEFINITIONS = (
					"DEBUG=1",
					"$(inherited)",
				);
				GCC_WARN_64_TO_32_BIT_CONVERSION = YES;
				GCC_WARN_ABOUT_RETURN_TYPE = YES_ERROR;
				GCC_WARN_UNDECLARED_SELECTOR = YES;
				GCC_WARN_UNINITIALIZED_AUTOS = YES_AGGRESSIVE;
				GCC_WARN_UNUSED_FUNCTION = YES;
				GCC_WARN_UNUSED_VARIABLE = YES;
				IPHONEOS_DEPLOYMENT_TARGET = 26.4;
				LOCALIZATION_PREFERS_STRING_CATALOGS = YES;
				MTL_ENABLE_DEBUG_INFO = INCLUDE_SOURCE;
				MTL_FAST_MATH = YES;
				ONLY_ACTIVE_ARCH = YES;
				SDKROOT = iphoneos;
				SWIFT_ACTIVE_COMPILATION_CONDITIONS = "DEBUG $(inherited)";
				SWIFT_OPTIMIZATION_LEVEL = "-Onone";
			};
			name = Debug;
		};
		07B69EFB2FBD576800FDF10D /* Release */ = {
			isa = XCBuildConfiguration;
			buildSettings = {
				ALWAYS_SEARCH_USER_PATHS = NO;
				ASSETCATALOG_COMPILER_GENERATE_SWIFT_ASSET_SYMBOL_EXTENSIONS = YES;
				CLANG_ANALYZER_NONNULL = YES;
				CLANG_ANALYZER_NUMBER_OBJECT_CONVERSION = YES_AGGRESSIVE;
				CLANG_CXX_LANGUAGE_STANDARD = "gnu++20";
				CLANG_ENABLE_MODULES = YES;
				CLANG_ENABLE_OBJC_ARC = YES;
				CLANG_ENABLE_OBJC_WEAK = YES;
				CLANG_WARN_BLOCK_CAPTURE_AUTORELEASING = YES;
				CLANG_WARN_BOOL_CONVERSION = YES;
				CLANG_WARN_COMMA = YES;
				CLANG_WARN_CONSTANT_CONVERSION = YES;
				CLANG_WARN_DEPRECATED_OBJC_IMPLEMENTATIONS = YES;
				CLANG_WARN_DIRECT_OBJC_ISA_USAGE = YES_ERROR;
				CLANG_WARN_DOCUMENTATION_COMMENTS = YES;
				CLANG_WARN_EMPTY_BODY = YES;
				CLANG_WARN_ENUM_CONVERSION = YES;
				CLANG_WARN_INFINITE_RECURSION = YES;
				CLANG_WARN_INT_CONVERSION = YES;
				CLANG_WARN_NON_LITERAL_NULL_CONVERSION = YES;
				CLANG_WARN_OBJC_IMPLICIT_RETAIN_SELF = YES;
				CLANG_WARN_OBJC_LITERAL_CONVERSION = YES;
				CLANG_WARN_OBJC_ROOT_CLASS = YES_ERROR;
				CLANG_WARN_QUOTED_INCLUDE_IN_FRAMEWORK_HEADER = YES;
				CLANG_WARN_RANGE_LOOP_ANALYSIS = YES;
				CLANG_WARN_STRICT_PROTOTYPES = YES;
				CLANG_WARN_SUSPICIOUS_MOVE = YES;
				CLANG_WARN_UNGUARDED_AVAILABILITY = YES_AGGRESSIVE;
				CLANG_WARN_UNREACHABLE_CODE = YES;
				CLANG_WARN__DUPLICATE_METHOD_MATCH = YES;
				COPY_PHASE_STRIP = NO;
				DEBUG_INFORMATION_FORMAT = "dwarf-with-dsym";
				DEVELOPMENT_TEAM = 7HRHQX7J58;
				ENABLE_NS_ASSERTIONS = NO;
				ENABLE_STRICT_OBJC_MSGSEND = YES;
				ENABLE_USER_SCRIPT_SANDBOXING = YES;
				GCC_C_LANGUAGE_STANDARD = gnu17;
				GCC_NO_COMMON_BLOCKS = YES;
				GCC_WARN_64_TO_32_BIT_CONVERSION = YES;
				GCC_WARN_ABOUT_RETURN_TYPE = YES_ERROR;
				GCC_WARN_UNDECLARED_SELECTOR = YES;
				GCC_WARN_UNINITIALIZED_AUTOS = YES_AGGRESSIVE;
				GCC_WARN_UNUSED_FUNCTION = YES;
				GCC_WARN_UNUSED_VARIABLE = YES;
				IPHONEOS_DEPLOYMENT_TARGET = 26.4;
				LOCALIZATION_PREFERS_STRING_CATALOGS = YES;
				MTL_ENABLE_DEBUG_INFO = NO;
				MTL_FAST_MATH = YES;
				SDKROOT = iphoneos;
				SWIFT_COMPILATION_MODE = wholemodule;
				VALIDATE_PRODUCT = YES;
			};
			name = Release;
		};
		07B69EFD2FBD576800FDF10D /* Debug */ = {
			isa = XCBuildConfiguration;
			buildSettings = {
				BUNDLE_LOADER = "$(TEST_HOST)";
				CODE_SIGN_STYLE = Automatic;
				CURRENT_PROJECT_VERSION = 1;
				DEVELOPMENT_TEAM = 7HRHQX7J58;
				GENERATE_INFOPLIST_FILE = YES;
				IPHONEOS_DEPLOYMENT_TARGET = 26.4;
				MARKETING_VERSION = 1.0;
				PRODUCT_BUNDLE_IDENTIFIER = "com.schoolclub.School-ClbTests";
				PRODUCT_NAME = "$(TARGET_NAME)";
				STRING_CATALOG_GENERATE_SYMBOLS = NO;
				SWIFT_APPROACHABLE_CONCURRENCY = YES;
				SWIFT_EMIT_LOC_STRINGS = NO;
				SWIFT_UPCOMING_FEATURE_MEMBER_IMPORT_VISIBILITY = YES;
				SWIFT_VERSION = 5.0;
				TARGETED_DEVICE_FAMILY = "1,2";
				TEST_HOST = "$(BUILT_PRODUCTS_DIR)/School Clb.app/$(BUNDLE_EXECUTABLE_FOLDER_PATH)/School Clb";
			};
			name = Debug;
		};
		07B69EFE2FBD576800FDF10D /* Release */ = {
			isa = XCBuildConfiguration;
			buildSettings = {
				BUNDLE_LOADER = "$(TEST_HOST)";
				CODE_SIGN_STYLE = Automatic;
				CURRENT_PROJECT_VERSION = 1;
				DEVELOPMENT_TEAM = 7HRHQX7J58;
				GENERATE_INFOPLIST_FILE = YES;
				IPHONEOS_DEPLOYMENT_TARGET = 26.4;
				MARKETING_VERSION = 1.0;
				PRODUCT_BUNDLE_IDENTIFIER = "com.schoolclub.School-ClbTests";
				PRODUCT_NAME = "$(TARGET_NAME)";
				STRING_CATALOG_GENERATE_SYMBOLS = NO;
				SWIFT_APPROACHABLE_CONCURRENCY = YES;
				SWIFT_EMIT_LOC_STRINGS = NO;
				SWIFT_UPCOMING_FEATURE_MEMBER_IMPORT_VISIBILITY = YES;
				SWIFT_VERSION = 5.0;
				TARGETED_DEVICE_FAMILY = "1,2";
				TEST_HOST = "$(BUILT_PRODUCTS_DIR)/School Clb.app/$(BUNDLE_EXECUTABLE_FOLDER_PATH)/School Clb";
			};
			name = Release;
		};
		07B69F002FBD576800FDF10D /* Debug */ = {
			isa = XCBuildConfiguration;
			buildSettings = {
				CODE_SIGN_STYLE = Automatic;
				CURRENT_PROJECT_VERSION = 1;
				DEVELOPMENT_TEAM = 7HRHQX7J58;
				GENERATE_INFOPLIST_FILE = YES;
				MARKETING_VERSION = 1.0;
				PRODUCT_BUNDLE_IDENTIFIER = "com.schoolclub.School-ClbUITests";
				PRODUCT_NAME = "$(TARGET_NAME)";
				STRING_CATALOG_GENERATE_SYMBOLS = NO;
				SWIFT_APPROACHABLE_CONCURRENCY = YES;
				SWIFT_EMIT_LOC_STRINGS = NO;
				SWIFT_UPCOMING_FEATURE_MEMBER_IMPORT_VISIBILITY = YES;
				SWIFT_VERSION = 5.0;
				TARGETED_DEVICE_FAMILY = "1,2";
				TEST_TARGET_NAME = "School Clb";
			};
			name = Debug;
		};
		07B69F012FBD576800FDF10D /* Release */ = {
			isa = XCBuildConfiguration;
			buildSettings = {
				CODE_SIGN_STYLE = Automatic;
				CURRENT_PROJECT_VERSION = 1;
				DEVELOPMENT_TEAM = 7HRHQX7J58;
				GENERATE_INFOPLIST_FILE = YES;
				MARKETING_VERSION = 1.0;
				PRODUCT_BUNDLE_IDENTIFIER = "com.schoolclub.School-ClbUITests";
				PRODUCT_NAME = "$(TARGET_NAME)";
				STRING_CATALOG_GENERATE_SYMBOLS = NO;
				SWIFT_APPROACHABLE_CONCURRENCY = YES;
				SWIFT_EMIT_LOC_STRINGS = NO;
				SWIFT_UPCOMING_FEATURE_MEMBER_IMPORT_VISIBILITY = YES;
				SWIFT_VERSION = 5.0;
				TARGETED_DEVICE_FAMILY = "1,2";
				TEST_TARGET_NAME = "School Clb";
			};
			name = Release;
		};
/* End XCBuildConfiguration section */

/* Begin XCConfigurationList section */
		07B69EC92FBD576600FDF10D /* Build configuration list for PBXProject "School Clb" */ = {
			isa = XCConfigurationList;
			buildConfigurations = (
				07B69EFA2FBD576800FDF10D /* Debug */,
				07B69EFB2FBD576800FDF10D /* Release */,
			);
			defaultConfigurationIsVisible = 0;
			defaultConfigurationName = Release;
		};
		07B69EF72FBD576800FDF10D /* Build configuration list for PBXNativeTarget "School Clb" */ = {
			isa = XCConfigurationList;
			buildConfigurations = (
				07B69EF82FBD576800FDF10D /* Debug */,
				07B69EF92FBD576800FDF10D /* Release */,
			);
			defaultConfigurationIsVisible = 0;
			defaultConfigurationName = Release;
		};
		07B69EFC2FBD576800FDF10D /* Build configuration list for PBXNativeTarget "School ClbTests" */ = {
			isa = XCConfigurationList;
			buildConfigurations = (
				07B69EFD2FBD576800FDF10D /* Debug */,
				07B69EFE2FBD576800FDF10D /* Release */,
			);
			defaultConfigurationIsVisible = 0;
			defaultConfigurationName = Release;
		};
		07B69EFF2FBD576800FDF10D /* Build configuration list for PBXNativeTarget "School ClbUITests" */ = {
			isa = XCConfigurationList;
			buildConfigurations = (
				07B69F002FBD576800FDF10D /* Debug */,
				07B69F012FBD576800FDF10D /* Release */,
			);
			defaultConfigurationIsVisible = 0;
			defaultConfigurationName = Release;
		};
/* End XCConfigurationList section */
	};
	rootObject = 07B69EC62FBD576600FDF10D /* Project object */;
}
